<?xml version="1.0" encoding="UTF-8" standalone="yes" ?>
<CodeBlocks_project_file>
	<FileVersion major="1" minor="6" />
	<Project>
		<Option title="BankManagementSystem" />
		<Option pch_mode="2" />
		<Option compiler="gcc" />
		<Build>
			<Target title="Release">
				<Option output="bin/Release/BankManagementSystem" prefix_auto="1" extension_auto="1" />
				<Option object_output="obj/Release/" />
				<Option type="0" />
				<Option compiler="gcc" />
				<Option projectLinkerOptionsRelation="2" />
				<Compiler>
					<Add option="-O2" />
					<Add option="-std=c++11" />
					<Add directory="C:/wxWidgets-3.1.1/lib/gcc_dll/mswu" />
				</Compiler>
				<ResourceCompiler>
					<Add directory="C:/wxWidgets-3.1.1/lib/gcc_dll/mswu" />
				</ResourceCompiler>
				<Linker>
					<Add option="-s" />
					<Add library="libwxmsw31u.a" />
					<Add directory="C:/wxWidgets-3.1.1/lib/gcc_dll" />
				</Linker>
			</Target>
		</Build>
		<Compiler>
			<Add option="-pipe" />
			<Add option="-mthreads" />
			<Add option="-D__GNUWIN32__" />
			<Add option="-D__WXMSW__" />
			<Add option="-DWXUSINGDLL" />
			<Add option="-DwxUSE_UNICODE" />
			<Add option="-Wall" />
			<Add directory="C:/wxWidgets-3.1.1/include" />
		</Compiler>
		<ResourceCompiler>
			<Add directory="C:/wxWidgets-3.1.1/include" />
		</ResourceCompiler>
		<Linker>
			<Add option="-mthreads" />
		</Linker>
		<Unit filename="Account.cpp" />
		<Unit filename="Account.h" />
		<Unit filename="BankManagementSystemApp.cpp" />
		<Unit filename="BankManagementSystemApp.h" />
		<Unit filename="BankManagementSystemMain.cpp" />
		<Unit filename="BankManagementSystemMain.h" />
		<Unit filename="ClientFunctionsForm.cpp" />
		<Unit filename="ClientFunctionsForm.h" />
		<Unit filename="ClientalManagement.h" />
		<Unit filename="Database.h" />
		<Unit filename="DatabaseFunctions.cpp" />
		<Unit filename="Employee.h" />
		<Unit filename="EmployeeFunctions.cpp" />
		<Unit filename="EmployeeFunctionsForm.cpp" />
		<Unit filename="EmployeeFunctionsForm.h" />
		<Unit filename="Investment.cpp" />
		<Unit filename="Investment.h" />
		<Unit filename="Loan.cpp" />
		<Unit filename="Loan.h" />
		<Unit filename="Register.cpp" />
		<Unit filename="Register.h" />
		<Unit filename="SelectionMenu.cpp" />
		<Unit filename="SelectionMenu.h" />
		<Unit filename="resource.rc">
			<Option compilerVar="WINDRES" />
		</Unit>
		<Unit filename="sqlite3.c">
			<Option compilerVar="CC" />
		</Unit>
		<Unit filename="sqlite3.h" />
		<Unit filename="sqlite3ext.h" />
		<Unit filename="wxsmith/Account.wxs" />
		<Unit filename="wxsmith/BankManagementSystemframe.wxs" />
		<Unit filename="wxsmith/ClientFunctionsForm.wxs" />
		<Unit filename="wxsmith/EmployeeFunctionsForm.wxs" />
		<Unit filename="wxsmith/Investment.wxs" />
		<Unit filename="wxsmith/Loan.wxs" />
		<Unit filename="wxsmith/Register.wxs" />
		<Unit filename="wxsmith/SelectionMenu.wxs" />
		<Extensions>
			<code_completion />
			<envvars />
			<debugger />
			<wxsmith version="1">
				<gui name="wxWidgets" src="BankManagementSystemApp.cpp" main="BankManagementSystemFrame" init_handlers="necessary" language="CPP" />
				<resources>
					<wxFrame wxs="wxsmith/BankManagementSystemframe.wxs" src="BankManagementSystemMain.cpp" hdr="BankManagementSystemMain.h" fwddecl="0" i18n="1" name="BankManagementSystemFrame" language="CPP" />
					<wxFrame wxs="wxsmith/Register.wxs" src="Register.cpp" hdr="Register.h" fwddecl="0" i18n="1" name="Register" language="CPP" />
					<wxFrame wxs="wxsmith/SelectionMenu.wxs" src="SelectionMenu.cpp" hdr="SelectionMenu.h" fwddecl="0" i18n="1" name="SelectionMenu" language="CPP" />
					<wxFrame wxs="wxsmith/EmployeeFunctionsForm.wxs" src="EmployeeFunctionsForm.cpp" hdr="EmployeeFunctionsForm.h" fwddecl="0" i18n="1" name="EmployeeFunctionsForm" language="CPP" />
					<wxFrame wxs="wxsmith/ClientFunctionsForm.wxs" src="ClientFunctionsForm.cpp" hdr="ClientFunctionsForm.h" fwddecl="0" i18n="1" name="ClientFunctionsForm" language="CPP" />
					<wxFrame wxs="wxsmith/Account.wxs" src="Account.cpp" hdr="Account.h" fwddecl="0" i18n="1" name="Account" language="CPP" />
					<wxFrame wxs="wxsmith/Investment.wxs" src="Investment.cpp" hdr="Investment.h" fwddecl="0" i18n="1" name="Investment" language="CPP" />
					<wxFrame wxs="wxsmith/Loan.wxs" src="Loan.cpp" hdr="Loan.h" fwddecl="0" i18n="1" name="Loan" language="CPP" />
				</resources>
			</wxsmith>
		</Extensions>
	</Project>
</CodeBlocks_project_file>
